
Microsoft Visual Studio Solution File, Format Version 12.00
# Visual Studio Version 16
VisualStudioVersion = 16.0.30104.148
MinimumVisualStudioVersion = 10.0.40219.1
Project("{FAE04EC0-301F-11D3-BF4B-00C04F79EFBC}") = "A-Market", "A-Market\A-Market.csproj", "{40473E33-F84C-4C6F-B11A-CD614706ECD8}"
EndProject
Global
	GlobalSection(SolutionConfigurationPlatforms) = preSolution
		Debug|Any CPU = Debug|Any CPU
		Release|Any CPU = Release|Any CPU
	EndGlobalSection
	GlobalSection(ProjectConfigurationPlatforms) = postSolution
		{40473E33-F84C-4C6F-B11A-CD614706ECD8}.Debug|Any CPU.ActiveCfg = Debug|Any CPU
		{40473E33-F84C-4C6F-B11A-CD614706ECD8}.Debug|Any CPU.Build.0 = Debug|Any CPU
		{40473E33-F84C-4C6F-B11A-CD614706ECD8}.Release|Any CPU.ActiveCfg = Release|Any CPU
		{40473E33-F84C-4C6F-B11A-CD614706ECD8}.Release|Any CPU.Build.0 = Release|Any CPU
	EndGlobalSection
	GlobalSection(SolutionProperties) = preSolution
		HideSolutionNode = FALSE
	EndGlobalSection
	GlobalSection(ExtensibilityGlobals) = postSolution
		SolutionGuid = {0BD8282C-2B03-4DC3-9578-ABFCC08ED319}
	EndGlobalSection
EndGlobal
